
Microsoft Visual Studio Solution File, Format Version 12.00
Project("{FAE04EC0-301F-11D3-BF4B-00C04F79EFBC}") = "PVZRHTools", "PVZRHTools\PVZRHTools.csproj", "{D83A4FB0-C56E-4829-9A2F-457FA4954B4D}"
EndProject
Project("{FAE04EC0-301F-11D3-BF4B-00C04F79EFBC}") = "ToolData", "ToolData\ToolData.csproj", "{F9422F32-0D4C-4E71-953B-304F7B108B1E}"
EndProject
Project("{FAE04EC0-301F-11D3-BF4B-00C04F79EFBC}") = "ToolMod", "ToolMod\ToolMod.csproj", "{FC0EB60F-E02F-4D31-B6AA-C1F1376787C3}"
EndProject
Global
	GlobalSection(SolutionConfigurationPlatforms) = preSolution
		Debug|Any CPU = Debug|Any CPU
		Release|Any CPU = Release|Any CPU
	EndGlobalSection
	GlobalSection(ProjectConfigurationPlatforms) = postSolution
		{D83A4FB0-C56E-4829-9A2F-457FA4954B4D}.Debug|Any CPU.ActiveCfg = Debug|Any CPU
		{D83A4FB0-C56E-4829-9A2F-457FA4954B4D}.Debug|Any CPU.Build.0 = Debug|Any CPU
		{D83A4FB0-C56E-4829-9A2F-457FA4954B4D}.Release|Any CPU.ActiveCfg = Release|Any CPU
		{D83A4FB0-C56E-4829-9A2F-457FA4954B4D}.Release|Any CPU.Build.0 = Release|Any CPU
		{F9422F32-0D4C-4E71-953B-304F7B108B1E}.Release|Any CPU.ActiveCfg = Release|Any CPU
		{F9422F32-0D4C-4E71-953B-304F7B108B1E}.Release|Any CPU.Deploy.0 = Release|Any CPU
		{F9422F32-0D4C-4E71-953B-304F7B108B1E}.Debug|Any CPU.ActiveCfg = Release|Any CPU
		{F9422F32-0D4C-4E71-953B-304F7B108B1E}.Debug|Any CPU.Build.0 = Release|Any CPU
		{F9422F32-0D4C-4E71-953B-304F7B108B1E}.Debug|Any CPU.Deploy.0 = Release|Any CPU
		{FC0EB60F-E02F-4D31-B6AA-C1F1376787C3}.Release|Any CPU.ActiveCfg = Release|Any CPU
		{FC0EB60F-E02F-4D31-B6AA-C1F1376787C3}.Release|Any CPU.Deploy.0 = Release|Any CPU
		{FC0EB60F-E02F-4D31-B6AA-C1F1376787C3}.Debug|Any CPU.ActiveCfg = Release|Any CPU
		{FC0EB60F-E02F-4D31-B6AA-C1F1376787C3}.Debug|Any CPU.Build.0 = Release|Any CPU
		{FC0EB60F-E02F-4D31-B6AA-C1F1376787C3}.Debug|Any CPU.Deploy.0 = Release|Any CPU
	EndGlobalSection
EndGlobal
